
Microsoft Visual Studio Solution File, Format Version 12.00
# Visual Studio Version 16
VisualStudioVersion = 16.0.29728.190
MinimumVisualStudioVersion = 10.0.40219.1
Project("{FAE04EC0-301F-11D3-BF4B-00C04F79EFBC}") = "FizzBuzzLoop", "FizzBuzzLoop\FizzBuzzLoop.csproj", "{62CF892C-9955-4543-874C-BC21633284E4}"
EndProject
Global
	GlobalSection(SolutionConfigurationPlatforms) = preSolution
		Debug|Any CPU = Debug|Any CPU
		Release|Any CPU = Release|Any CPU
	EndGlobalSection
	GlobalSection(ProjectConfigurationPlatforms) = postSolution
		{62CF892C-9955-4543-874C-BC21633284E4}.Debug|Any CPU.ActiveCfg = Debug|Any CPU
		{62CF892C-9955-4543-874C-BC21633284E4}.Debug|Any CPU.Build.0 = Debug|Any CPU
		{62CF892C-9955-4543-874C-BC21633284E4}.Release|Any CPU.ActiveCfg = Release|Any CPU
		{62CF892C-9955-4543-874C-BC21633284E4}.Release|Any CPU.Build.0 = Release|Any CPU
	EndGlobalSection
	GlobalSection(SolutionProperties) = preSolution
		HideSolutionNode = FALSE
	EndGlobalSection
	GlobalSection(ExtensibilityGlobals) = postSolution
		SolutionGuid = {4E21006B-6056-4532-8411-DCE5E61306A7}
	EndGlobalSection
EndGlobal
